
Microsoft Visual Studio Solution File, Format Version 12.00
# Visual Studio Version 16
VisualStudioVersion = 16.0.31410.357
MinimumVisualStudioVersion = 10.0.40219.1
Project("{2150E333-8FDC-42A3-9474-1A3956D46DE8}") = "UI", "UI", "{AFAFCB71-E792-4400-BB2A-7A8AADEDC283}"
EndProject
Project("{9A19103F-16F7-4668-BE54-9A1E7A4F7556}") = "InstaAutoPost.UI.WebUI", "InstaAutoPost.UI.WebUI\InstaAutoPost.UI.WebUI.csproj", "{A1D93622-9B47-4842-B458-162FDF7128C1}"
EndProject
Project("{9A19103F-16F7-4668-BE54-9A1E7A4F7556}") = "InstaAutoPost.UI.Core", "InstaAutoPost.UI.Core\InstaAutoPost.UI.Core.csproj", "{5047C1A6-A427-4CFA-B354-6BCE71ED64B2}"
EndProject
Project("{9A19103F-16F7-4668-BE54-9A1E7A4F7556}") = "InstaAutoPost.UI.Data", "InstaAutoPost.UI.Data\InstaAutoPost.UI.Data.csproj", "{24D1594E-A17E-42E8-9B68-303F52719BE4}"
EndProject
Project("{2150E333-8FDC-42A3-9474-1A3956D46DE8}") = "InstagramPostSelenium", "InstagramPostSelenium", "{A87E3E47-C3D1-402A-B14E-6B422DB46420}"
EndProject
Project("{9A19103F-16F7-4668-BE54-9A1E7A4F7556}") = "InstaAutoPost.SendPostBot.UI", "InstaAutoPost.SendPostBot.UI\InstaAutoPost.SendPostBot.UI.csproj", "{A7546910-E03C-451D-ABD7-09CCBFAC4331}"
EndProject
Project("{9A19103F-16F7-4668-BE54-9A1E7A4F7556}") = "InstaAutoPost.SendPostBot.Core", "InstaAutoPost.SendPostBot.Core\InstaAutoPost.SendPostBot.Core.csproj", "{093EDF1C-89CB-40F6-82C4-0AA7527323B8}"
EndProject
Global
	GlobalSection(SolutionConfigurationPlatforms) = preSolution
		Debug|Any CPU = Debug|Any CPU
		Release|Any CPU = Release|Any CPU
	EndGlobalSection
	GlobalSection(ProjectConfigurationPlatforms) = postSolution
		{A1D93622-9B47-4842-B458-162FDF7128C1}.Debug|Any CPU.ActiveCfg = Debug|Any CPU
		{A1D93622-9B47-4842-B458-162FDF7128C1}.Debug|Any CPU.Build.0 = Debug|Any CPU
		{A1D93622-9B47-4842-B458-162FDF7128C1}.Release|Any CPU.ActiveCfg = Release|Any CPU
		{A1D93622-9B47-4842-B458-162FDF7128C1}.Release|Any CPU.Build.0 = Release|Any CPU
		{5047C1A6-A427-4CFA-B354-6BCE71ED64B2}.Debug|Any CPU.ActiveCfg = Debug|Any CPU
		{5047C1A6-A427-4CFA-B354-6BCE71ED64B2}.Debug|Any CPU.Build.0 = Debug|Any CPU
		{5047C1A6-A427-4CFA-B354-6BCE71ED64B2}.Release|Any CPU.ActiveCfg = Release|Any CPU
		{5047C1A6-A427-4CFA-B354-6BCE71ED64B2}.Release|Any CPU.Build.0 = Release|Any CPU
		{24D1594E-A17E-42E8-9B68-303F52719BE4}.Debug|Any CPU.ActiveCfg = Debug|Any CPU
		{24D1594E-A17E-42E8-9B68-303F52719BE4}.Debug|Any CPU.Build.0 = Debug|Any CPU
		{24D1594E-A17E-42E8-9B68-303F52719BE4}.Release|Any CPU.ActiveCfg = Release|Any CPU
		{24D1594E-A17E-42E8-9B68-303F52719BE4}.Release|Any CPU.Build.0 = Release|Any CPU
		{A7546910-E03C-451D-ABD7-09CCBFAC4331}.Debug|Any CPU.ActiveCfg = Debug|Any CPU
		{A7546910-E03C-451D-ABD7-09CCBFAC4331}.Debug|Any CPU.Build.0 = Debug|Any CPU
		{A7546910-E03C-451D-ABD7-09CCBFAC4331}.Release|Any CPU.ActiveCfg = Release|Any CPU
		{A7546910-E03C-451D-ABD7-09CCBFAC4331}.Release|Any CPU.Build.0 = Release|Any CPU
		{093EDF1C-89CB-40F6-82C4-0AA7527323B8}.Debug|Any CPU.ActiveCfg = Debug|Any CPU
		{093EDF1C-89CB-40F6-82C4-0AA7527323B8}.Debug|Any CPU.Build.0 = Debug|Any CPU
		{093EDF1C-89CB-40F6-82C4-0AA7527323B8}.Release|Any CPU.ActiveCfg = Release|Any CPU
		{093EDF1C-89CB-40F6-82C4-0AA7527323B8}.Release|Any CPU.Build.0 = Release|Any CPU
	EndGlobalSection
	GlobalSection(SolutionProperties) = preSolution
		HideSolutionNode = FALSE
	EndGlobalSection
	GlobalSection(NestedProjects) = preSolution
		{A1D93622-9B47-4842-B458-162FDF7128C1} = {AFAFCB71-E792-4400-BB2A-7A8AADEDC283}
		{5047C1A6-A427-4CFA-B354-6BCE71ED64B2} = {AFAFCB71-E792-4400-BB2A-7A8AADEDC283}
		{24D1594E-A17E-42E8-9B68-303F52719BE4} = {AFAFCB71-E792-4400-BB2A-7A8AADEDC283}
		{A7546910-E03C-451D-ABD7-09CCBFAC4331} = {A87E3E47-C3D1-402A-B14E-6B422DB46420}
		{093EDF1C-89CB-40F6-82C4-0AA7527323B8} = {A87E3E47-C3D1-402A-B14E-6B422DB46420}
	EndGlobalSection
	GlobalSection(ExtensibilityGlobals) = postSolution
		SolutionGuid = {5D56EF47-A36E-4D22-87AE-A7FE2221B5CC}
	EndGlobalSection
EndGlobal
